
Microsoft Visual Studio Solution File, Format Version 12.00
# Visual Studio Version 17
VisualStudioVersion = 17.4.33103.184
MinimumVisualStudioVersion = 10.0.40219.1
Project("{8BC9CEB8-8B4A-11D0-8D11-00A0C91BC942}") = "gopherpup", "gopherpup.vcxproj", "{08F2DB09-16F4-4854-9629-E5A0761D40B4}"
	ProjectSection(ProjectDependencies) = postProject
		{2FCDF70C-3B98-4087-B6BA-5E7B68F2B1E4} = {2FCDF70C-3B98-4087-B6BA-5E7B68F2B1E4}
		{336306C8-7887-4040-A234-899EE4119DC9} = {336306C8-7887-4040-A234-899EE4119DC9}
		{5FAA3EFE-6D63-440C-BE78-5678F0C4B5CB} = {5FAA3EFE-6D63-440C-BE78-5678F0C4B5CB}
		{7EABA6F3-2585-4132-9606-6318D2996F91} = {7EABA6F3-2585-4132-9606-6318D2996F91}
		{FE539F1B-88D0-469F-836A-03EFF4B981C3} = {FE539F1B-88D0-469F-836A-03EFF4B981C3}
	EndProjectSection
EndProject
Project("{2150E333-8FDC-42A3-9474-1A3956D46DE8}") = "Solution Items", "Solution Items", "{4CC596D4-18A0-49E9-A1FC-520C3EC64465}"
EndProject
Project("{8BC9CEB8-8B4A-11D0-8D11-00A0C91BC942}") = "ncbi", "ncbi.vcxproj", "{5FAA3EFE-6D63-440C-BE78-5678F0C4B5CB}"
EndProject
Project("{8BC9CEB8-8B4A-11D0-8D11-00A0C91BC942}") = "vibrant", "vibrant.vcxproj", "{2FCDF70C-3B98-4087-B6BA-5E7B68F2B1E4}"
	ProjectSection(ProjectDependencies) = postProject
		{5FAA3EFE-6D63-440C-BE78-5678F0C4B5CB} = {5FAA3EFE-6D63-440C-BE78-5678F0C4B5CB}
	EndProjectSection
EndProject
Project("{8BC9CEB8-8B4A-11D0-8D11-00A0C91BC942}") = "DRtf", "DRtf.vcxproj", "{336306C8-7887-4040-A234-899EE4119DC9}"
EndProject
Project("{8BC9CEB8-8B4A-11D0-8D11-00A0C91BC942}") = "DNet", "DNet.vcxproj", "{FE539F1B-88D0-469F-836A-03EFF4B981C3}"
	ProjectSection(ProjectDependencies) = postProject
		{7EABA6F3-2585-4132-9606-6318D2996F91} = {7EABA6F3-2585-4132-9606-6318D2996F91}
	EndProjectSection
EndProject
Project("{8BC9CEB8-8B4A-11D0-8D11-00A0C91BC942}") = "DClap", "DClap.vcxproj", "{7EABA6F3-2585-4132-9606-6318D2996F91}"
	ProjectSection(ProjectDependencies) = postProject
		{2FCDF70C-3B98-4087-B6BA-5E7B68F2B1E4} = {2FCDF70C-3B98-4087-B6BA-5E7B68F2B1E4}
		{5FAA3EFE-6D63-440C-BE78-5678F0C4B5CB} = {5FAA3EFE-6D63-440C-BE78-5678F0C4B5CB}
	EndProjectSection
EndProject
Project("{8BC9CEB8-8B4A-11D0-8D11-00A0C91BC942}") = "myapp", "myapp.vcxproj", "{404A340D-8CE9-40AE-9620-2EEDBF948F12}"
EndProject
Global
	GlobalSection(SolutionConfigurationPlatforms) = preSolution
		Debug|x64 = Debug|x64
		Debug|x86 = Debug|x86
		Release|x64 = Release|x64
		Release|x86 = Release|x86
	EndGlobalSection
	GlobalSection(ProjectConfigurationPlatforms) = postSolution
		{08F2DB09-16F4-4854-9629-E5A0761D40B4}.Debug|x64.ActiveCfg = Debug|x64
		{08F2DB09-16F4-4854-9629-E5A0761D40B4}.Debug|x64.Build.0 = Debug|x64
		{08F2DB09-16F4-4854-9629-E5A0761D40B4}.Debug|x86.ActiveCfg = Debug|Win32
		{08F2DB09-16F4-4854-9629-E5A0761D40B4}.Debug|x86.Build.0 = Debug|Win32
		{08F2DB09-16F4-4854-9629-E5A0761D40B4}.Release|x64.ActiveCfg = Release|x64
		{08F2DB09-16F4-4854-9629-E5A0761D40B4}.Release|x64.Build.0 = Release|x64
		{08F2DB09-16F4-4854-9629-E5A0761D40B4}.Release|x86.ActiveCfg = Release|Win32
		{08F2DB09-16F4-4854-9629-E5A0761D40B4}.Release|x86.Build.0 = Release|Win32
		{5FAA3EFE-6D63-440C-BE78-5678F0C4B5CB}.Debug|x64.ActiveCfg = Debug|x64
		{5FAA3EFE-6D63-440C-BE78-5678F0C4B5CB}.Debug|x64.Build.0 = Debug|x64
		{5FAA3EFE-6D63-440C-BE78-5678F0C4B5CB}.Debug|x86.ActiveCfg = Debug|Win32
		{5FAA3EFE-6D63-440C-BE78-5678F0C4B5CB}.Debug|x86.Build.0 = Debug|Win32
		{5FAA3EFE-6D63-440C-BE78-5678F0C4B5CB}.Release|x64.ActiveCfg = Release|x64
		{5FAA3EFE-6D63-440C-BE78-5678F0C4B5CB}.Release|x64.Build.0 = Release|x64
		{5FAA3EFE-6D63-440C-BE78-5678F0C4B5CB}.Release|x86.ActiveCfg = Release|Win32
		{5FAA3EFE-6D63-440C-BE78-5678F0C4B5CB}.Release|x86.Build.0 = Release|Win32
		{2FCDF70C-3B98-4087-B6BA-5E7B68F2B1E4}.Debug|x64.ActiveCfg = Debug|x64
		{2FCDF70C-3B98-4087-B6BA-5E7B68F2B1E4}.Debug|x64.Build.0 = Debug|x64
		{2FCDF70C-3B98-4087-B6BA-5E7B68F2B1E4}.Debug|x86.ActiveCfg = Debug|Win32
		{2FCDF70C-3B98-4087-B6BA-5E7B68F2B1E4}.Debug|x86.Build.0 = Debug|Win32
		{2FCDF70C-3B98-4087-B6BA-5E7B68F2B1E4}.Release|x64.ActiveCfg = Release|x64
		{2FCDF70C-3B98-4087-B6BA-5E7B68F2B1E4}.Release|x64.Build.0 = Release|x64
		{2FCDF70C-3B98-4087-B6BA-5E7B68F2B1E4}.Release|x86.ActiveCfg = Release|Win32
		{2FCDF70C-3B98-4087-B6BA-5E7B68F2B1E4}.Release|x86.Build.0 = Release|Win32
		{336306C8-7887-4040-A234-899EE4119DC9}.Debug|x64.ActiveCfg = Debug|x64
		{336306C8-7887-4040-A234-899EE4119DC9}.Debug|x64.Build.0 = Debug|x64
		{336306C8-7887-4040-A234-899EE4119DC9}.Debug|x86.ActiveCfg = Debug|Win32
		{336306C8-7887-4040-A234-899EE4119DC9}.Debug|x86.Build.0 = Debug|Win32
		{336306C8-7887-4040-A234-899EE4119DC9}.Release|x64.ActiveCfg = Release|x64
		{336306C8-7887-4040-A234-899EE4119DC9}.Release|x64.Build.0 = Release|x64
		{336306C8-7887-4040-A234-899EE4119DC9}.Release|x86.ActiveCfg = Release|Win32
		{336306C8-7887-4040-A234-899EE4119DC9}.Release|x86.Build.0 = Release|Win32
		{FE539F1B-88D0-469F-836A-03EFF4B981C3}.Debug|x64.ActiveCfg = Debug|x64
		{FE539F1B-88D0-469F-836A-03EFF4B981C3}.Debug|x64.Build.0 = Debug|x64
		{FE539F1B-88D0-469F-836A-03EFF4B981C3}.Debug|x86.ActiveCfg = Debug|Win32
		{FE539F1B-88D0-469F-836A-03EFF4B981C3}.Debug|x86.Build.0 = Debug|Win32
		{FE539F1B-88D0-469F-836A-03EFF4B981C3}.Release|x64.ActiveCfg = Release|x64
		{FE539F1B-88D0-469F-836A-03EFF4B981C3}.Release|x64.Build.0 = Release|x64
		{FE539F1B-88D0-469F-836A-03EFF4B981C3}.Release|x86.ActiveCfg = Release|Win32
		{FE539F1B-88D0-469F-836A-03EFF4B981C3}.Release|x86.Build.0 = Release|Win32
		{7EABA6F3-2585-4132-9606-6318D2996F91}.Debug|x64.ActiveCfg = Debug|x64
		{7EABA6F3-2585-4132-9606-6318D2996F91}.Debug|x64.Build.0 = Debug|x64
		{7EABA6F3-2585-4132-9606-6318D2996F91}.Debug|x86.ActiveCfg = Debug|Win32
		{7EABA6F3-2585-4132-9606-6318D2996F91}.Debug|x86.Build.0 = Debug|Win32
		{7EABA6F3-2585-4132-9606-6318D2996F91}.Release|x64.ActiveCfg = Release|x64
		{7EABA6F3-2585-4132-9606-6318D2996F91}.Release|x64.Build.0 = Release|x64
		{7EABA6F3-2585-4132-9606-6318D2996F91}.Release|x86.ActiveCfg = Release|Win32
		{7EABA6F3-2585-4132-9606-6318D2996F91}.Release|x86.Build.0 = Release|Win32
		{404A340D-8CE9-40AE-9620-2EEDBF948F12}.Debug|x64.ActiveCfg = Debug|x64
		{404A340D-8CE9-40AE-9620-2EEDBF948F12}.Debug|x64.Build.0 = Debug|x64
		{404A340D-8CE9-40AE-9620-2EEDBF948F12}.Debug|x86.ActiveCfg = Debug|Win32
		{404A340D-8CE9-40AE-9620-2EEDBF948F12}.Debug|x86.Build.0 = Debug|Win32
		{404A340D-8CE9-40AE-9620-2EEDBF948F12}.Release|x64.ActiveCfg = Release|x64
		{404A340D-8CE9-40AE-9620-2EEDBF948F12}.Release|x64.Build.0 = Release|x64
		{404A340D-8CE9-40AE-9620-2EEDBF948F12}.Release|x86.ActiveCfg = Release|Win32
		{404A340D-8CE9-40AE-9620-2EEDBF948F12}.Release|x86.Build.0 = Release|Win32
	EndGlobalSection
	GlobalSection(SolutionProperties) = preSolution
		HideSolutionNode = FALSE
	EndGlobalSection
	GlobalSection(ExtensibilityGlobals) = postSolution
		SolutionGuid = {1418FB8A-6DE5-4D38-A6D5-6D8E768D575D}
	EndGlobalSection
EndGlobal
