<?xml version="1.0" encoding="utf-8"?>
<Project ToolsVersion="4.0" xmlns="http://schemas.microsoft.com/developer/msbuild/2003">
  <ItemGroup>
    <ClCompile Include="..\..\vibrant\document.c">
      <Filter>Source Files</Filter>
    </ClCompile>
    <ClCompile Include="..\..\vibrant\drawing.c">
      <Filter>Source Files</Filter>
    </ClCompile>
    <ClCompile Include="..\..\vibrant\mapping.c">
      <Filter>Source Files</Filter>
    </ClCompile>
    <ClCompile Include="..\..\vibrant\ncbidraw.c">
      <Filter>Source Files</Filter>
    </ClCompile>
    <ClCompile Include="..\..\vibrant\palette.c">
      <Filter>Source Files</Filter>
    </ClCompile>
    <ClCompile Include="..\..\vibrant\picture.c">
      <Filter>Source Files</Filter>
    </ClCompile>
    <ClCompile Include="..\..\vibrant\table.c">
      <Filter>Source Files</Filter>
    </ClCompile>
    <ClCompile Include="..\..\vibrant\vibbutns.c">
      <Filter>Source Files</Filter>
    </ClCompile>
    <ClCompile Include="..\..\vibrant\vibextra.c">
      <Filter>Source Files</Filter>
    </ClCompile>
    <ClCompile Include="..\..\vibrant\vibfiles.c">
      <Filter>Source Files</Filter>
    </ClCompile>
    <ClCompile Include="..\..\vibrant\vibgroup.c">
      <Filter>Source Files</Filter>
    </ClCompile>
    <ClCompile Include="..\..\vibrant\viblists.c">
      <Filter>Source Files</Filter>
    </ClCompile>
    <ClCompile Include="..\..\vibrant\vibmenus.c">
      <Filter>Source Files</Filter>
    </ClCompile>
    <ClCompile Include="..\..\vibrant\vibprmpt.c">
      <Filter>Source Files</Filter>
    </ClCompile>
    <ClCompile Include="..\..\vibrant\vibsbars.c">
      <Filter>Source Files</Filter>
    </ClCompile>
    <ClCompile Include="..\..\vibrant\vibslate.c">
      <Filter>Source Files</Filter>
    </ClCompile>
    <ClCompile Include="..\..\vibrant\vibtexts.c">
      <Filter>Source Files</Filter>
    </ClCompile>
    <ClCompile Include="..\..\vibrant\vibutils.c">
      <Filter>Source Files</Filter>
    </ClCompile>
    <ClCompile Include="..\..\vibrant\vibwndws.c">
      <Filter>Source Files</Filter>
    </ClCompile>
    <ClCompile Include="..\..\vibrant\viewer.c">
      <Filter>Source Files</Filter>
    </ClCompile>
  </ItemGroup>
  <ItemGroup>
    <Filter Include="Source Files">
      <UniqueIdentifier>{cfddab4b-3f19-4eb0-b1db-0e520f3c0121}</UniqueIdentifier>
      <Extensions>cpp;c;cc;cxx;c++;cppm;ixx;def;odl;idl;hpj;bat;asm;asmx</Extensions>
    </Filter>
    <Filter Include="Header Files">
      <UniqueIdentifier>{3c4815ca-c677-4dc4-b93f-bb4554d4f1e6}</UniqueIdentifier>
      <Extensions>h;hh;hpp;hxx;h++;hm;inl;inc;ipp;xsd</Extensions>
    </Filter>
  </ItemGroup>
  <ItemGroup>
    <ClInclude Include="..\..\vibrant\document.h">
      <Filter>Header Files</Filter>
    </ClInclude>
    <ClInclude Include="..\..\vibrant\drawingP.h">
      <Filter>Header Files</Filter>
    </ClInclude>
    <ClInclude Include="..\..\vibrant\mappingP.h">
      <Filter>Header Files</Filter>
    </ClInclude>
    <ClInclude Include="..\..\vibrant\ncbidraw.h">
      <Filter>Header Files</Filter>
    </ClInclude>
    <ClInclude Include="..\..\vibrant\ncbiport.h">
      <Filter>Header Files</Filter>
    </ClInclude>
    <ClInclude Include="..\..\vibrant\panels.h">
      <Filter>Header Files</Filter>
    </ClInclude>
    <ClInclude Include="..\..\vibrant\picture.h">
      <Filter>Header Files</Filter>
    </ClInclude>
    <ClInclude Include="..\..\vibrant\pictureP.h">
      <Filter>Header Files</Filter>
    </ClInclude>
    <ClInclude Include="..\..\vibrant\vibdefns.h">
      <Filter>Header Files</Filter>
    </ClInclude>
    <ClInclude Include="..\..\vibrant\vibincld.h">
      <Filter>Header Files</Filter>
    </ClInclude>
    <ClInclude Include="..\..\vibrant\vibprocs.h">
      <Filter>Header Files</Filter>
    </ClInclude>
    <ClInclude Include="..\..\vibrant\vibrant.h">
      <Filter>Header Files</Filter>
    </ClInclude>
    <ClInclude Include="..\..\vibrant\vibtypes.h">
      <Filter>Header Files</Filter>
    </ClInclude>
    <ClInclude Include="..\..\vibrant\viewer.h">
      <Filter>Header Files</Filter>
    </ClInclude>
    <ClInclude Include="..\..\vibrant\viewerP.h">
      <Filter>Header Files</Filter>
    </ClInclude>
  </ItemGroup>
</Project>